{
  "name": "se06206-final-thaydong-nhom1-main",
  "lockfileVersion": 3,
  "requires": true,
  "packages": {
    "": {
      "dependencies": {
        "@stomp/stompjs": "^7.0.1"
      }
    },
    "node_modules/@stomp/stompjs": {
      "version": "7.0.1",
      "resolved": "https://registry.npmjs.org/@stomp/stompjs/-/stompjs-7.0.1.tgz",
      "integrity": "sha512-qip3juB0JiInS70QSYVdgMoNLxbrRwDiYN5xx6b/RWcy/vSIUUZKLQOkSJTH2Z0x3rOvDHT/sPvs9gDJM32Yzg==",
      "license": "Apache-2.0"
    }
  }
}
